
Microsoft Visual Studio Solution File, Format Version 12.00
# Visual Studio Version 16
VisualStudioVersion = 16.0.31005.135
MinimumVisualStudioVersion = 10.0.40219.1
Project("{FAE04EC0-301F-11D3-BF4B-00C04F79EFBC}") = "ECommercePrototipo", "ECommercePrototipo\ECommercePrototipo.csproj", "{329A4043-3ED3-4B8F-8346-0EC62581C098}"
EndProject
Project("{FAE04EC0-301F-11D3-BF4B-00C04F79EFBC}") = "ECommercePrototipo.Tests", "ECommercePrototipo.Tests\ECommercePrototipo.Tests.csproj", "{BF433540-51D8-48F4-9679-ADD495E7B524}"
EndProject
Global
	GlobalSection(SolutionConfigurationPlatforms) = preSolution
		Debug|Any CPU = Debug|Any CPU
		Release|Any CPU = Release|Any CPU
	EndGlobalSection
	GlobalSection(ProjectConfigurationPlatforms) = postSolution
		{329A4043-3ED3-4B8F-8346-0EC62581C098}.Debug|Any CPU.ActiveCfg = Debug|Any CPU
		{329A4043-3ED3-4B8F-8346-0EC62581C098}.Debug|Any CPU.Build.0 = Debug|Any CPU
		{329A4043-3ED3-4B8F-8346-0EC62581C098}.Release|Any CPU.ActiveCfg = Release|Any CPU
		{329A4043-3ED3-4B8F-8346-0EC62581C098}.Release|Any CPU.Build.0 = Release|Any CPU
		{BF433540-51D8-48F4-9679-ADD495E7B524}.Debug|Any CPU.ActiveCfg = Debug|Any CPU
		{BF433540-51D8-48F4-9679-ADD495E7B524}.Debug|Any CPU.Build.0 = Debug|Any CPU
		{BF433540-51D8-48F4-9679-ADD495E7B524}.Release|Any CPU.ActiveCfg = Release|Any CPU
		{BF433540-51D8-48F4-9679-ADD495E7B524}.Release|Any CPU.Build.0 = Release|Any CPU
	EndGlobalSection
	GlobalSection(SolutionProperties) = preSolution
		HideSolutionNode = FALSE
	EndGlobalSection
	GlobalSection(ExtensibilityGlobals) = postSolution
		SolutionGuid = {1DA09137-3162-4864-B356-39615B3F7EC9}
	EndGlobalSection
EndGlobal
