
Microsoft Visual Studio Solution File, Format Version 12.00
# Visual Studio Version 16
VisualStudioVersion = 16.0.31005.135
MinimumVisualStudioVersion = 10.0.40219.1
Project("{FAE04EC0-301F-11D3-BF4B-00C04F79EFBC}") = "SiteSeguro", "SiteSeguro\SiteSeguro.csproj", "{F26CEAA7-ED8E-42DA-8180-F4A08D55168B}"
EndProject
Global
	GlobalSection(SolutionConfigurationPlatforms) = preSolution
		Debug|Any CPU = Debug|Any CPU
		Release|Any CPU = Release|Any CPU
	EndGlobalSection
	GlobalSection(ProjectConfigurationPlatforms) = postSolution
		{F26CEAA7-ED8E-42DA-8180-F4A08D55168B}.Debug|Any CPU.ActiveCfg = Debug|Any CPU
		{F26CEAA7-ED8E-42DA-8180-F4A08D55168B}.Debug|Any CPU.Build.0 = Debug|Any CPU
		{F26CEAA7-ED8E-42DA-8180-F4A08D55168B}.Release|Any CPU.ActiveCfg = Release|Any CPU
		{F26CEAA7-ED8E-42DA-8180-F4A08D55168B}.Release|Any CPU.Build.0 = Release|Any CPU
	EndGlobalSection
	GlobalSection(SolutionProperties) = preSolution
		HideSolutionNode = FALSE
	EndGlobalSection
	GlobalSection(ExtensibilityGlobals) = postSolution
		SolutionGuid = {7974CBDB-C57D-48EC-BBCA-85CC5F100103}
	EndGlobalSection
EndGlobal
